
Microsoft Visual Studio Solution File, Format Version 12.00
# Visual Studio 15
VisualStudioVersion = 15.0.27130.2036
MinimumVisualStudioVersion = 10.0.40219.1
Project("{FAE04EC0-301F-11D3-BF4B-00C04F79EFBC}") = "Novych", "Novych\Novych.csproj", "{1A576BB5-7C40-4999-921E-72FC4A4DA084}"
EndProject
Project("{FAE04EC0-301F-11D3-BF4B-00C04F79EFBC}") = "Novych.Tests", "Novych.Tests\Novych.Tests.csproj", "{C3230306-0B73-47B0-B731-EC780A970E6E}"
EndProject
Global
	GlobalSection(SolutionConfigurationPlatforms) = preSolution
		Debug|Any CPU = Debug|Any CPU
		Release|Any CPU = Release|Any CPU
	EndGlobalSection
	GlobalSection(ProjectConfigurationPlatforms) = postSolution
		{1A576BB5-7C40-4999-921E-72FC4A4DA084}.Debug|Any CPU.ActiveCfg = Debug|Any CPU
		{1A576BB5-7C40-4999-921E-72FC4A4DA084}.Debug|Any CPU.Build.0 = Debug|Any CPU
		{1A576BB5-7C40-4999-921E-72FC4A4DA084}.Release|Any CPU.ActiveCfg = Release|Any CPU
		{1A576BB5-7C40-4999-921E-72FC4A4DA084}.Release|Any CPU.Build.0 = Release|Any CPU
		{C3230306-0B73-47B0-B731-EC780A970E6E}.Debug|Any CPU.ActiveCfg = Debug|Any CPU
		{C3230306-0B73-47B0-B731-EC780A970E6E}.Debug|Any CPU.Build.0 = Debug|Any CPU
		{C3230306-0B73-47B0-B731-EC780A970E6E}.Release|Any CPU.ActiveCfg = Release|Any CPU
		{C3230306-0B73-47B0-B731-EC780A970E6E}.Release|Any CPU.Build.0 = Release|Any CPU
	EndGlobalSection
	GlobalSection(SolutionProperties) = preSolution
		HideSolutionNode = FALSE
	EndGlobalSection
	GlobalSection(ExtensibilityGlobals) = postSolution
		SolutionGuid = {38086B48-A89D-449A-899A-C943A6647A24}
	EndGlobalSection
EndGlobal
